// !$*UTF8*$!
{
	archiveVersion = 1;
	classes = {
	};
	objectVersion = 56;
	objects = {

/* Begin PBXCopyFilesBuildPhase section */
		A7CE5AED298A4309007846A5 /* CopyFiles */ = {
			isa = PBXCopyFilesBuildPhase;
			buildActionMask = 2147483647;
			dstPath = /usr/share/man/man1/;
			dstSubfolderSpec = 0;
			files = (
			);
			runOnlyForDeploymentPostprocessing = 1;
		};
/* End PBXCopyFilesBuildPhase section */

/* Begin PBXFileReference section */
		A74F6B862991DD6B00026426 /* 회의실예약.swift */ = {isa = PBXFileReference; lastKnownFileType = sourcecode.swift; path = "회의실예약.swift"; sourceTree = "<group>"; };
		A74F6B892991FC3D00026426 /* 전광판.swift */ = {isa = PBXFileReference; lastKnownFileType = sourcecode.swift; path = "전광판.swift"; sourceTree = "<group>"; };
		A74F6B8C29923A1D00026426 /* 금고털이.swift */ = {isa = PBXFileReference; lastKnownFileType = sourcecode.swift; path = "금고털이.swift"; sourceTree = "<group>"; };
		A74F6B8F2993767100026426 /* DFS.swift */ = {isa = PBXFileReference; lastKnownFileType = sourcecode.swift; path = DFS.swift; sourceTree = "<group>"; };
		A74F6B922993795400026426 /* BFS.swift */ = {isa = PBXFileReference; lastKnownFileType = sourcecode.swift; path = BFS.swift; sourceTree = "<group>"; };
		A74F6B962993815000026426 /* Stack.swift */ = {isa = PBXFileReference; lastKnownFileType = sourcecode.swift; path = Stack.swift; sourceTree = "<group>"; };
		A74F6B98299384FB00026426 /* Queue.swift */ = {isa = PBXFileReference; lastKnownFileType = sourcecode.swift; path = Queue.swift; sourceTree = "<group>"; };
		A76960F7298F89A8007D93C8 /* 8단변속기.swift */ = {isa = PBXFileReference; lastKnownFileType = sourcecode.swift; path = "8단변속기.swift"; sourceTree = "<group>"; };
		A76960FB298F8AC1007D93C8 /* 지도자동구축.swift */ = {isa = PBXFileReference; lastKnownFileType = sourcecode.swift; path = "지도자동구축.swift"; sourceTree = "<group>"; };
		A76960FE298F8EB4007D93C8 /* GBC.swift */ = {isa = PBXFileReference; lastKnownFileType = sourcecode.swift; path = GBC.swift; sourceTree = "<group>"; };
		A7696101298F9459007D93C8 /* 바이러스.swift */ = {isa = PBXFileReference; lastKnownFileType = sourcecode.swift; path = "바이러스.swift"; sourceTree = "<group>"; };
		A76961042990E99B007D93C8 /* 비밀메뉴.swift */ = {isa = PBXFileReference; lastKnownFileType = sourcecode.swift; path = "비밀메뉴.swift"; sourceTree = "<group>"; };
		A78CC872299CCFBA00ECFF6C /* 15652.swift */ = {isa = PBXFileReference; lastKnownFileType = sourcecode.swift; path = 15652.swift; sourceTree = "<group>"; };
		A78CC875299DBD7900ECFF6C /* 택배마스터광우.swift */ = {isa = PBXFileReference; lastKnownFileType = sourcecode.swift; path = "택배마스터광우.swift"; sourceTree = "<group>"; };
		A7A4409C299B6F820059527A /* 성적평가.swift */ = {isa = PBXFileReference; lastKnownFileType = sourcecode.swift; path = "성적평가.swift"; sourceTree = "<group>"; };
		A7A4409F299C72BC0059527A /* yet.swift */ = {isa = PBXFileReference; lastKnownFileType = sourcecode.swift; path = yet.swift; sourceTree = "<group>"; };
		A7A90F222994A92800B447E9 /* 장애물인식프로그램.swift */ = {isa = PBXFileReference; lastKnownFileType = sourcecode.swift; path = "장애물인식프로그램.swift"; sourceTree = "<group>"; };
		A7A90F252994B15C00B447E9 /* 2606.swift */ = {isa = PBXFileReference; lastKnownFileType = sourcecode.swift; path = 2606.swift; sourceTree = "<group>"; };
		A7A90F282994BC7700B447E9 /* 11724.swift */ = {isa = PBXFileReference; lastKnownFileType = sourcecode.swift; path = 11724.swift; sourceTree = "<group>"; };
		A7A90F2D2995EAC100B447E9 /* 15649.swift */ = {isa = PBXFileReference; lastKnownFileType = sourcecode.swift; path = 15649.swift; sourceTree = "<group>"; };
		A7A90F302995F3CD00B447E9 /* 15650.swift */ = {isa = PBXFileReference; lastKnownFileType = sourcecode.swift; path = 15650.swift; sourceTree = "<group>"; };
		A7A90F332995FA1600B447E9 /* 15651.swift */ = {isa = PBXFileReference; lastKnownFileType = sourcecode.swift; path = 15651.swift; sourceTree = "<group>"; };
		A7A90F36299A111600B447E9 /* 플레이페어암호.swift */ = {isa = PBXFileReference; lastKnownFileType = sourcecode.swift; path = "플레이페어암호.swift"; sourceTree = "<group>"; };
		A7CE5AEF298A4309007846A5 /* SwiftAlgorithm */ = {isa = PBXFileReference; explicitFileType = "compiled.mach-o.executable"; includeInIndex = 0; path = SwiftAlgorithm; sourceTree = BUILT_PRODUCTS_DIR; };
		A7CE5AF2298A4309007846A5 /* 기초문법.swift */ = {isa = PBXFileReference; lastKnownFileType = sourcecode.swift; path = "기초문법.swift"; sourceTree = "<group>"; };
/* End PBXFileReference section */

/* Begin PBXFrameworksBuildPhase section */
		A7CE5AEC298A4309007846A5 /* Frameworks */ = {
			isa = PBXFrameworksBuildPhase;
			buildActionMask = 2147483647;
			files = (
			);
			runOnlyForDeploymentPostprocessing = 0;
		};
/* End PBXFrameworksBuildPhase section */

/* Begin PBXGroup section */
		A74F6B852991DD6100026426 /* 회의실예약 */ = {
			isa = PBXGroup;
			children = (
				A74F6B862991DD6B00026426 /* 회의실예약.swift */,
			);
			name = "회의실예약";
			path = "회의실예약";
			sourceTree = "<group>";
		};
		A74F6B882991FC2500026426 /* 전광판 */ = {
			isa = PBXGroup;
			children = (
				A74F6B892991FC3D00026426 /* 전광판.swift */,
			);
			name = "전광판";
			path = "전광판";
			sourceTree = "<group>";
		};
		A74F6B8B29923A1200026426 /* 금고털이 */ = {
			isa = PBXGroup;
			children = (
				A74F6B8C29923A1D00026426 /* 금고털이.swift */,
			);
			name = "금고털이";
			path = "금고털이";
			sourceTree = "<group>";
		};
		A74F6B8E2993766700026426 /* DFS */ = {
			isa = PBXGroup;
			children = (
				A74F6B8F2993767100026426 /* DFS.swift */,
			);
			path = DFS;
			sourceTree = "<group>";
		};
		A74F6B912993794B00026426 /* BFS */ = {
			isa = PBXGroup;
			children = (
				A74F6B922993795400026426 /* BFS.swift */,
			);
			path = BFS;
			sourceTree = "<group>";
		};
		A74F6B942993814200026426 /* Stack */ = {
			isa = PBXGroup;
			children = (
				A74F6B962993815000026426 /* Stack.swift */,
			);
			path = Stack;
			sourceTree = "<group>";
		};
		A74F6B952993814700026426 /* Queue */ = {
			isa = PBXGroup;
			children = (
				A74F6B98299384FB00026426 /* Queue.swift */,
			);
			path = Queue;
			sourceTree = "<group>";
		};
		A76960F6298F899B007D93C8 /* 8단변속기 */ = {
			isa = PBXGroup;
			children = (
				A76960F7298F89A8007D93C8 /* 8단변속기.swift */,
			);
			name = "8단변속기";
			path = "8단변속기";
			sourceTree = "<group>";
		};
		A76960F9298F8AAD007D93C8 /* 기초문법 */ = {
			isa = PBXGroup;
			children = (
				A7CE5AF2298A4309007846A5 /* 기초문법.swift */,
			);
			name = "기초문법";
			path = "기초문법";
			sourceTree = "<group>";
		};
		A76960FA298F8AB6007D93C8 /* 지도자동구축 */ = {
			isa = PBXGroup;
			children = (
				A76960FB298F8AC1007D93C8 /* 지도자동구축.swift */,
			);
			name = "지도자동구축";
			path = "지도자동구축";
			sourceTree = "<group>";
		};
		A76960FD298F8EAA007D93C8 /* GBC */ = {
			isa = PBXGroup;
			children = (
				A76960FE298F8EB4007D93C8 /* GBC.swift */,
			);
			path = GBC;
			sourceTree = "<group>";
		};
		A7696100298F9450007D93C8 /* 바이러스 */ = {
			isa = PBXGroup;
			children = (
				A7696101298F9459007D93C8 /* 바이러스.swift */,
			);
			name = "바이러스";
			path = "바이러스";
			sourceTree = "<group>";
		};
		A76961032990E993007D93C8 /* 비밀메뉴 */ = {
			isa = PBXGroup;
			children = (
				A76961042990E99B007D93C8 /* 비밀메뉴.swift */,
			);
			name = "비밀메뉴";
			path = "비밀메뉴";
			sourceTree = "<group>";
		};
		A78CC871299CCFAA00ECFF6C /* N과M(4)15652 */ = {
			isa = PBXGroup;
			children = (
				A78CC872299CCFBA00ECFF6C /* 15652.swift */,
			);
			name = "N과M(4)15652";
			path = "N과M(4)15652";
			sourceTree = "<group>";
		};
		A78CC874299DBD6D00ECFF6C /* 택배마스터광우 */ = {
			isa = PBXGroup;
			children = (
				A78CC875299DBD7900ECFF6C /* 택배마스터광우.swift */,
			);
			name = "택배마스터광우";
			path = "택배마스터광우";
			sourceTree = "<group>";
		};
		A7A4409B299B6F780059527A /* 성적평가 */ = {
			isa = PBXGroup;
			children = (
				A7A4409C299B6F820059527A /* 성적평가.swift */,
			);
			name = "성적평가";
			path = "성적평가";
			sourceTree = "<group>";
		};
		A7A4409E299C72B40059527A /* 좌석관리 */ = {
			isa = PBXGroup;
			children = (
				A7A4409F299C72BC0059527A /* yet.swift */,
			);
			name = "좌석관리";
			path = "좌석관리";
			sourceTree = "<group>";
		};
		A7A90F212994A91B00B447E9 /* 장애물인식프로그램 */ = {
			isa = PBXGroup;
			children = (
				A7A90F222994A92800B447E9 /* 장애물인식프로그램.swift */,
			);
			name = "장애물인식프로그램";
			path = "장애물인식프로그램";
			sourceTree = "<group>";
		};
		A7A90F242994B12600B447E9 /* 바이러스2606 */ = {
			isa = PBXGroup;
			children = (
				A7A90F252994B15C00B447E9 /* 2606.swift */,
			);
			name = "바이러스2606";
			path = "백준_바이러스";
			sourceTree = "<group>";
		};
		A7A90F272994BC5E00B447E9 /* 연결요소의개수11724 */ = {
			isa = PBXGroup;
			children = (
				A7A90F282994BC7700B447E9 /* 11724.swift */,
			);
			name = "연결요소의개수11724";
			path = "연결요소의개수";
			sourceTree = "<group>";
		};
		A7A90F2C2995EAAB00B447E9 /* N과M(1)15649 */ = {
			isa = PBXGroup;
			children = (
				A7A90F2D2995EAC100B447E9 /* 15649.swift */,
			);
			name = "N과M(1)15649";
			path = "N과M(1)";
			sourceTree = "<group>";
		};
		A7A90F2F2995F3B200B447E9 /* N과M(2)15650 */ = {
			isa = PBXGroup;
			children = (
				A7A90F302995F3CD00B447E9 /* 15650.swift */,
			);
			name = "N과M(2)15650";
			path = "N과M(2)15650";
			sourceTree = "<group>";
		};
		A7A90F322995FA0000B447E9 /* N과M(3)15651 */ = {
			isa = PBXGroup;
			children = (
				A7A90F332995FA1600B447E9 /* 15651.swift */,
			);
			name = "N과M(3)15651";
			path = "N과M(3)15651";
			sourceTree = "<group>";
		};
		A7A90F35299A110200B447E9 /* 플레이페어암호 */ = {
			isa = PBXGroup;
			children = (
				A7A90F36299A111600B447E9 /* 플레이페어암호.swift */,
			);
			name = "플레이페어암호";
			path = "플레이페어암호";
			sourceTree = "<group>";
		};
		A7CE5AE6298A4309007846A5 = {
			isa = PBXGroup;
			children = (
				A7CE5AF1298A4309007846A5 /* SwiftAlgorithm */,
				A7CE5AF0298A4309007846A5 /* Products */,
			);
			sourceTree = "<group>";
		};
		A7CE5AF0298A4309007846A5 /* Products */ = {
			isa = PBXGroup;
			children = (
				A7CE5AEF298A4309007846A5 /* SwiftAlgorithm */,
			);
			name = Products;
			sourceTree = "<group>";
		};
		A7CE5AF1298A4309007846A5 /* SwiftAlgorithm */ = {
			isa = PBXGroup;
			children = (
				A78CC874299DBD6D00ECFF6C /* 택배마스터광우 */,
				A78CC871299CCFAA00ECFF6C /* N과M(4)15652 */,
				A7A4409E299C72B40059527A /* 좌석관리 */,
				A7A4409B299B6F780059527A /* 성적평가 */,
				A7A90F35299A110200B447E9 /* 플레이페어암호 */,
				A7A90F322995FA0000B447E9 /* N과M(3)15651 */,
				A7A90F2F2995F3B200B447E9 /* N과M(2)15650 */,
				A7A90F2C2995EAAB00B447E9 /* N과M(1)15649 */,
				A7A90F272994BC5E00B447E9 /* 연결요소의개수11724 */,
				A7A90F242994B12600B447E9 /* 바이러스2606 */,
				A7A90F212994A91B00B447E9 /* 장애물인식프로그램 */,
				A74F6B952993814700026426 /* Queue */,
				A74F6B942993814200026426 /* Stack */,
				A74F6B912993794B00026426 /* BFS */,
				A74F6B8E2993766700026426 /* DFS */,
				A74F6B8B29923A1200026426 /* 금고털이 */,
				A74F6B882991FC2500026426 /* 전광판 */,
				A74F6B852991DD6100026426 /* 회의실예약 */,
				A76961032990E993007D93C8 /* 비밀메뉴 */,
				A7696100298F9450007D93C8 /* 바이러스 */,
				A76960FD298F8EAA007D93C8 /* GBC */,
				A76960FA298F8AB6007D93C8 /* 지도자동구축 */,
				A76960F9298F8AAD007D93C8 /* 기초문법 */,
				A76960F6298F899B007D93C8 /* 8단변속기 */,
			);
			path = SwiftAlgorithm;
			sourceTree = "<group>";
		};
/* End PBXGroup section */

/* Begin PBXNativeTarget section */
		A7CE5AEE298A4309007846A5 /* SwiftAlgorithm */ = {
			isa = PBXNativeTarget;
			buildConfigurationList = A7CE5AF6298A4309007846A5 /* Build configuration list for PBXNativeTarget "SwiftAlgorithm" */;
			buildPhases = (
				A7CE5AEB298A4309007846A5 /* Sources */,
				A7CE5AEC298A4309007846A5 /* Frameworks */,
				A7CE5AED298A4309007846A5 /* CopyFiles */,
			);
			buildRules = (
			);
			dependencies = (
			);
			name = SwiftAlgorithm;
			productName = SwiftAlgorithm;
			productReference = A7CE5AEF298A4309007846A5 /* SwiftAlgorithm */;
			productType = "com.apple.product-type.tool";
		};
/* End PBXNativeTarget section */

/* Begin PBXProject section */
		A7CE5AE7298A4309007846A5 /* Project object */ = {
			isa = PBXProject;
			attributes = {
				BuildIndependentTargetsInParallel = 1;
				LastSwiftUpdateCheck = 1410;
				LastUpgradeCheck = 1410;
				TargetAttributes = {
					A7CE5AEE298A4309007846A5 = {
						CreatedOnToolsVersion = 14.1;
						LastSwiftMigration = 1410;
					};
				};
			};
			buildConfigurationList = A7CE5AEA298A4309007846A5 /* Build configuration list for PBXProject "SwiftAlgorithm" */;
			compatibilityVersion = "Xcode 14.0";
			developmentRegion = en;
			hasScannedForEncodings = 0;
			knownRegions = (
				en,
				Base,
			);
			mainGroup = A7CE5AE6298A4309007846A5;
			productRefGroup = A7CE5AF0298A4309007846A5 /* Products */;
			projectDirPath = "";
			projectRoot = "";
			targets = (
				A7CE5AEE298A4309007846A5 /* SwiftAlgorithm */,
			);
		};
/* End PBXProject section */

/* Begin PBXSourcesBuildPhase section */
		A7CE5AEB298A4309007846A5 /* Sources */ = {
			isa = PBXSourcesBuildPhase;
			buildActionMask = 2147483647;
			files = (
			);
			runOnlyForDeploymentPostprocessing = 0;
		};
/* End PBXSourcesBuildPhase section */

/* Begin XCBuildConfiguration section */
		A7CE5AF4298A4309007846A5 /* Debug */ = {
			isa = XCBuildConfiguration;
			buildSettings = {
				ALWAYS_SEARCH_USER_PATHS = NO;
				CLANG_ANALYZER_NONNULL = YES;
				CLANG_ANALYZER_NUMBER_OBJECT_CONVERSION = YES_AGGRESSIVE;
				CLANG_CXX_LANGUAGE_STANDARD = "gnu++20";
				CLANG_ENABLE_MODULES = YES;
				CLANG_ENABLE_OBJC_ARC = YES;
				CLANG_ENABLE_OBJC_WEAK = YES;
				CLANG_WARN_BLOCK_CAPTURE_AUTORELEASING = YES;
				CLANG_WARN_BOOL_CONVERSION = YES;
				CLANG_WARN_COMMA = YES;
				CLANG_WARN_CONSTANT_CONVERSION = YES;
				CLANG_WARN_DEPRECATED_OBJC_IMPLEMENTATIONS = YES;
				CLANG_WARN_DIRECT_OBJC_ISA_USAGE = YES_ERROR;
				CLANG_WARN_DOCUMENTATION_COMMENTS = YES;
				CLANG_WARN_EMPTY_BODY = YES;
				CLANG_WARN_ENUM_CONVERSION = YES;
				CLANG_WARN_INFINITE_RECURSION = YES;
				CLANG_WARN_INT_CONVERSION = YES;
				CLANG_WARN_NON_LITERAL_NULL_CONVERSION = YES;
				CLANG_WARN_OBJC_IMPLICIT_RETAIN_SELF = YES;
				CLANG_WARN_OBJC_LITERAL_CONVERSION = YES;
				CLANG_WARN_OBJC_ROOT_CLASS = YES_ERROR;
				CLANG_WARN_QUOTED_INCLUDE_IN_FRAMEWORK_HEADER = YES;
				CLANG_WARN_RANGE_LOOP_ANALYSIS = YES;
				CLANG_WARN_STRICT_PROTOTYPES = YES;
				CLANG_WARN_SUSPICIOUS_MOVE = YES;
				CLANG_WARN_UNGUARDED_AVAILABILITY = YES_AGGRESSIVE;
				CLANG_WARN_UNREACHABLE_CODE = YES;
				CLANG_WARN__DUPLICATE_METHOD_MATCH = YES;
				COPY_PHASE_STRIP = NO;
				DEBUG_INFORMATION_FORMAT = dwarf;
				ENABLE_STRICT_OBJC_MSGSEND = YES;
				ENABLE_TESTABILITY = YES;
				GCC_C_LANGUAGE_STANDARD = gnu11;
				GCC_DYNAMIC_NO_PIC = NO;
				GCC_NO_COMMON_BLOCKS = YES;
				GCC_OPTIMIZATION_LEVEL = 0;
				GCC_PREPROCESSOR_DEFINITIONS = (
					"DEBUG=1",
					"$(inherited)",
				);
				GCC_WARN_64_TO_32_BIT_CONVERSION = YES;
				GCC_WARN_ABOUT_RETURN_TYPE = YES_ERROR;
				GCC_WARN_UNDECLARED_SELECTOR = YES;
				GCC_WARN_UNINITIALIZED_AUTOS = YES_AGGRESSIVE;
				GCC_WARN_UNUSED_FUNCTION = YES;
				GCC_WARN_UNUSED_VARIABLE = YES;
				MACOSX_DEPLOYMENT_TARGET = 13.0;
				MTL_ENABLE_DEBUG_INFO = INCLUDE_SOURCE;
				MTL_FAST_MATH = YES;
				ONLY_ACTIVE_ARCH = YES;
				SDKROOT = macosx;
				SWIFT_ACTIVE_COMPILATION_CONDITIONS = DEBUG;
				SWIFT_OPTIMIZATION_LEVEL = "-Onone";
			};
			name = Debug;
		};
		A7CE5AF5298A4309007846A5 /* Release */ = {
			isa = XCBuildConfiguration;
			buildSettings = {
				ALWAYS_SEARCH_USER_PATHS = NO;
				CLANG_ANALYZER_NONNULL = YES;
				CLANG_ANALYZER_NUMBER_OBJECT_CONVERSION = YES_AGGRESSIVE;
				CLANG_CXX_LANGUAGE_STANDARD = "gnu++20";
				CLANG_ENABLE_MODULES = YES;
				CLANG_ENABLE_OBJC_ARC = YES;
				CLANG_ENABLE_OBJC_WEAK = YES;
				CLANG_WARN_BLOCK_CAPTURE_AUTORELEASING = YES;
				CLANG_WARN_BOOL_CONVERSION = YES;
				CLANG_WARN_COMMA = YES;
				CLANG_WARN_CONSTANT_CONVERSION = YES;
				CLANG_WARN_DEPRECATED_OBJC_IMPLEMENTATIONS = YES;
				CLANG_WARN_DIRECT_OBJC_ISA_USAGE = YES_ERROR;
				CLANG_WARN_DOCUMENTATION_COMMENTS = YES;
				CLANG_WARN_EMPTY_BODY = YES;
				CLANG_WARN_ENUM_CONVERSION = YES;
				CLANG_WARN_INFINITE_RECURSION = YES;
				CLANG_WARN_INT_CONVERSION = YES;
				CLANG_WARN_NON_LITERAL_NULL_CONVERSION = YES;
				CLANG_WARN_OBJC_IMPLICIT_RETAIN_SELF = YES;
				CLANG_WARN_OBJC_LITERAL_CONVERSION = YES;
				CLANG_WARN_OBJC_ROOT_CLASS = YES_ERROR;
				CLANG_WARN_QUOTED_INCLUDE_IN_FRAMEWORK_HEADER = YES;
				CLANG_WARN_RANGE_LOOP_ANALYSIS = YES;
				CLANG_WARN_STRICT_PROTOTYPES = YES;
				CLANG_WARN_SUSPICIOUS_MOVE = YES;
				CLANG_WARN_UNGUARDED_AVAILABILITY = YES_AGGRESSIVE;
				CLANG_WARN_UNREACHABLE_CODE = YES;
				CLANG_WARN__DUPLICATE_METHOD_MATCH = YES;
				COPY_PHASE_STRIP = NO;
				DEBUG_INFORMATION_FORMAT = "dwarf-with-dsym";
				ENABLE_NS_ASSERTIONS = NO;
				ENABLE_STRICT_OBJC_MSGSEND = YES;
				GCC_C_LANGUAGE_STANDARD = gnu11;
				GCC_NO_COMMON_BLOCKS = YES;
				GCC_WARN_64_TO_32_BIT_CONVERSION = YES;
				GCC_WARN_ABOUT_RETURN_TYPE = YES_ERROR;
				GCC_WARN_UNDECLARED_SELECTOR = YES;
				GCC_WARN_UNINITIALIZED_AUTOS = YES_AGGRESSIVE;
				GCC_WARN_UNUSED_FUNCTION = YES;
				GCC_WARN_UNUSED_VARIABLE = YES;
				MACOSX_DEPLOYMENT_TARGET = 13.0;
				MTL_ENABLE_DEBUG_INFO = NO;
				MTL_FAST_MATH = YES;
				SDKROOT = macosx;
				SWIFT_COMPILATION_MODE = wholemodule;
				SWIFT_OPTIMIZATION_LEVEL = "-O";
			};
			name = Release;
		};
		A7CE5AF7298A4309007846A5 /* Debug */ = {
			isa = XCBuildConfiguration;
			buildSettings = {
				CLANG_ENABLE_MODULES = YES;
				CODE_SIGN_STYLE = Automatic;
				DEVELOPMENT_TEAM = S45U2Z8NHP;
				ENABLE_HARDENED_RUNTIME = YES;
				LD_RUNPATH_SEARCH_PATHS = (
					"$(inherited)",
					"@executable_path/../Frameworks",
					"@loader_path/../Frameworks",
				);
				PRODUCT_NAME = "$(TARGET_NAME)";
				SWIFT_OPTIMIZATION_LEVEL = "-Onone";
				SWIFT_VERSION = 5.0;
			};
			name = Debug;
		};
		A7CE5AF8298A4309007846A5 /* Release */ = {
			isa = XCBuildConfiguration;
			buildSettings = {
				CLANG_ENABLE_MODULES = YES;
				CODE_SIGN_STYLE = Automatic;
				DEVELOPMENT_TEAM = S45U2Z8NHP;
				ENABLE_HARDENED_RUNTIME = YES;
				LD_RUNPATH_SEARCH_PATHS = (
					"$(inherited)",
					"@executable_path/../Frameworks",
					"@loader_path/../Frameworks",
				);
				PRODUCT_NAME = "$(TARGET_NAME)";
				SWIFT_VERSION = 5.0;
			};
			name = Release;
		};
/* End XCBuildConfiguration section */

/* Begin XCConfigurationList section */
		A7CE5AEA298A4309007846A5 /* Build configuration list for PBXProject "SwiftAlgorithm" */ = {
			isa = XCConfigurationList;
			buildConfigurations = (
				A7CE5AF4298A4309007846A5 /* Debug */,
				A7CE5AF5298A4309007846A5 /* Release */,
			);
			defaultConfigurationIsVisible = 0;
			defaultConfigurationName = Release;
		};
		A7CE5AF6298A4309007846A5 /* Build configuration list for PBXNativeTarget "SwiftAlgorithm" */ = {
			isa = XCConfigurationList;
			buildConfigurations = (
				A7CE5AF7298A4309007846A5 /* Debug */,
				A7CE5AF8298A4309007846A5 /* Release */,
			);
			defaultConfigurationIsVisible = 0;
			defaultConfigurationName = Release;
		};
/* End XCConfigurationList section */
	};
	rootObject = A7CE5AE7298A4309007846A5 /* Project object */;
}
