// !$*UTF8*$!
{
	archiveVersion = 1;
	classes = {
	};
	objectVersion = 56;
	objects = {

/* Begin PBXBuildFile section */
		A774132F29E7944900A361C5 /* 모의고사.swift in Sources */ = {isa = PBXBuildFile; fileRef = A774132E29E7944900A361C5 /* 모의고사.swift */; };
/* End PBXBuildFile section */

/* Begin PBXCopyFilesBuildPhase section */
		A7CE5AED298A4309007846A5 /* CopyFiles */ = {
			isa = PBXCopyFilesBuildPhase;
			buildActionMask = 2147483647;
			dstPath = /usr/share/man/man1/;
			dstSubfolderSpec = 0;
			files = (
			);
			runOnlyForDeploymentPostprocessing = 1;
		};
/* End PBXCopyFilesBuildPhase section */

/* Begin PBXFileReference section */
		A7091AA729D3D4160078DC99 /* 2805.swift */ = {isa = PBXFileReference; lastKnownFileType = sourcecode.swift; path = 2805.swift; sourceTree = "<group>"; };
		A7091AAA29D51A4C0078DC99 /* 1789.swift */ = {isa = PBXFileReference; lastKnownFileType = sourcecode.swift; path = 1789.swift; sourceTree = "<group>"; };
		A71C456929B9818600A2D242 /* 4796.swift */ = {isa = PBXFileReference; lastKnownFileType = sourcecode.swift; path = 4796.swift; sourceTree = "<group>"; };
		A71C456C29B9922B00A2D242 /* 1449.swift */ = {isa = PBXFileReference; lastKnownFileType = sourcecode.swift; path = 1449.swift; sourceTree = "<group>"; };
		A71CE26D29DF9B5C00097AF9 /* 11656.swift */ = {isa = PBXFileReference; lastKnownFileType = sourcecode.swift; path = 11656.swift; sourceTree = "<group>"; };
		A71CE27129DFA24400097AF9 /* 2748.swift */ = {isa = PBXFileReference; lastKnownFileType = sourcecode.swift; path = 2748.swift; sourceTree = "<group>"; };
		A71CE27429DFC2EC00097AF9 /* 11055.swift */ = {isa = PBXFileReference; lastKnownFileType = sourcecode.swift; path = 11055.swift; sourceTree = "<group>"; };
		A71CE27729DFC8BF00097AF9 /* 1912.swift */ = {isa = PBXFileReference; lastKnownFileType = sourcecode.swift; path = 1912.swift; sourceTree = "<group>"; };
		A72360B329B84C2300DA32BA /* 체육복.swift */ = {isa = PBXFileReference; lastKnownFileType = sourcecode.swift; path = "체육복.swift"; sourceTree = "<group>"; };
		A7299BFF29D66D00002A2F5F /* 14425.swift */ = {isa = PBXFileReference; lastKnownFileType = sourcecode.swift; path = 14425.swift; sourceTree = "<group>"; };
		A7299C0229D66E38002A2F5F /* 7795.swift */ = {isa = PBXFileReference; lastKnownFileType = sourcecode.swift; path = 7795.swift; sourceTree = "<group>"; };
		A73E8CC129DBE27D00803DEE /* 11478.swift */ = {isa = PBXFileReference; lastKnownFileType = sourcecode.swift; path = 11478.swift; sourceTree = "<group>"; };
		A73E8CCC29DD052900803DEE /* 5525.swift */ = {isa = PBXFileReference; lastKnownFileType = sourcecode.swift; path = 5525.swift; sourceTree = "<group>"; };
		A73E8CCF29DD178500803DEE /* 2352.swift */ = {isa = PBXFileReference; lastKnownFileType = sourcecode.swift; path = 2352.swift; sourceTree = "<group>"; };
		A74F6B862991DD6B00026426 /* 회의실예약.swift */ = {isa = PBXFileReference; lastKnownFileType = sourcecode.swift; path = "회의실예약.swift"; sourceTree = "<group>"; };
		A74F6B892991FC3D00026426 /* 전광판.swift */ = {isa = PBXFileReference; lastKnownFileType = sourcecode.swift; path = "전광판.swift"; sourceTree = "<group>"; };
		A74F6B8C29923A1D00026426 /* 금고털이.swift */ = {isa = PBXFileReference; lastKnownFileType = sourcecode.swift; path = "금고털이.swift"; sourceTree = "<group>"; };
		A74F6B8F2993767100026426 /* DFS.swift */ = {isa = PBXFileReference; lastKnownFileType = sourcecode.swift; path = DFS.swift; sourceTree = "<group>"; };
		A74F6B922993795400026426 /* BFS.swift */ = {isa = PBXFileReference; lastKnownFileType = sourcecode.swift; path = BFS.swift; sourceTree = "<group>"; };
		A74F6B962993815000026426 /* Stack.swift */ = {isa = PBXFileReference; lastKnownFileType = sourcecode.swift; path = Stack.swift; sourceTree = "<group>"; };
		A74F6B98299384FB00026426 /* Queue.swift */ = {isa = PBXFileReference; lastKnownFileType = sourcecode.swift; path = Queue.swift; sourceTree = "<group>"; };
		A762B78E29C012CE00955619 /* 2437.swift */ = {isa = PBXFileReference; lastKnownFileType = sourcecode.swift; path = 2437.swift; sourceTree = "<group>"; };
		A762B7C429C1934200955619 /* 1913.swift */ = {isa = PBXFileReference; lastKnownFileType = sourcecode.swift; path = 1913.swift; sourceTree = "<group>"; };
		A762B7C729C2A35A00955619 /* 2775.swift */ = {isa = PBXFileReference; lastKnownFileType = sourcecode.swift; path = 2775.swift; sourceTree = "<group>"; };
		A762B7CA29C3EA6700955619 /* 1316.swift */ = {isa = PBXFileReference; lastKnownFileType = sourcecode.swift; path = 1316.swift; sourceTree = "<group>"; };
		A762B7CD29C3FDAF00955619 /* 16926.swift */ = {isa = PBXFileReference; lastKnownFileType = sourcecode.swift; path = 16926.swift; sourceTree = "<group>"; };
		A762B7D029C472EF00955619 /* 1475.swift */ = {isa = PBXFileReference; lastKnownFileType = sourcecode.swift; path = 1475.swift; sourceTree = "<group>"; };
		A762B7D529C5805400955619 /* 1303.swift */ = {isa = PBXFileReference; lastKnownFileType = sourcecode.swift; path = 1303.swift; sourceTree = "<group>"; };
		A762B7D929C58B8A00955619 /* 4963.swift */ = {isa = PBXFileReference; lastKnownFileType = sourcecode.swift; path = 4963.swift; sourceTree = "<group>"; };
		A76960F7298F89A8007D93C8 /* 8단변속기.swift */ = {isa = PBXFileReference; lastKnownFileType = sourcecode.swift; path = "8단변속기.swift"; sourceTree = "<group>"; };
		A76960FB298F8AC1007D93C8 /* 지도자동구축.swift */ = {isa = PBXFileReference; lastKnownFileType = sourcecode.swift; path = "지도자동구축.swift"; sourceTree = "<group>"; };
		A76960FE298F8EB4007D93C8 /* GBC.swift */ = {isa = PBXFileReference; lastKnownFileType = sourcecode.swift; path = GBC.swift; sourceTree = "<group>"; };
		A7696101298F9459007D93C8 /* 바이러스.swift */ = {isa = PBXFileReference; lastKnownFileType = sourcecode.swift; path = "바이러스.swift"; sourceTree = "<group>"; };
		A76961042990E99B007D93C8 /* 비밀메뉴.swift */ = {isa = PBXFileReference; lastKnownFileType = sourcecode.swift; path = "비밀메뉴.swift"; sourceTree = "<group>"; };
		A774131C29E51E2500A361C5 /* 이상한문자만들기.swift */ = {isa = PBXFileReference; lastKnownFileType = sourcecode.swift; path = "이상한문자만들기.swift"; sourceTree = "<group>"; };
		A774131F29E5342B00A361C5 /* 튜플.swift */ = {isa = PBXFileReference; lastKnownFileType = sourcecode.swift; path = "튜플.swift"; sourceTree = "<group>"; };
		A774132229E54B7D00A361C5 /* 키패드누르기.swift */ = {isa = PBXFileReference; lastKnownFileType = sourcecode.swift; path = "키패드누르기.swift"; sourceTree = "<group>"; };
		A774132529E637BB00A361C5 /* 두개뽑아서더하기.swift */ = {isa = PBXFileReference; lastKnownFileType = sourcecode.swift; path = "두개뽑아서더하기.swift"; sourceTree = "<group>"; };
		A774132829E63EC000A361C5 /* 3진법뒤집기.swift */ = {isa = PBXFileReference; lastKnownFileType = sourcecode.swift; path = "3진법뒤집기.swift"; sourceTree = "<group>"; };
		A774132B29E644BD00A361C5 /* 이진변환반복하기.swift */ = {isa = PBXFileReference; lastKnownFileType = sourcecode.swift; path = "이진변환반복하기.swift"; sourceTree = "<group>"; };
		A774132E29E7944900A361C5 /* 모의고사.swift */ = {isa = PBXFileReference; lastKnownFileType = sourcecode.swift; path = "모의고사.swift"; sourceTree = "<group>"; };
		A78CC872299CCFBA00ECFF6C /* 15652.swift */ = {isa = PBXFileReference; lastKnownFileType = sourcecode.swift; path = 15652.swift; sourceTree = "<group>"; };
		A78CC875299DBD7900ECFF6C /* 택배마스터광우.swift */ = {isa = PBXFileReference; lastKnownFileType = sourcecode.swift; path = "택배마스터광우.swift"; sourceTree = "<group>"; };
		A78CC878299DE41F00ECFF6C /* 15654.swift */ = {isa = PBXFileReference; lastKnownFileType = sourcecode.swift; path = 15654.swift; sourceTree = "<group>"; };
		A78CC87B299DE86200ECFF6C /* 성적평균.swift */ = {isa = PBXFileReference; lastKnownFileType = sourcecode.swift; path = "성적평균.swift"; sourceTree = "<group>"; };
		A78CC87E299DFE6D00ECFF6C /* 15663.swift */ = {isa = PBXFileReference; lastKnownFileType = sourcecode.swift; path = 15663.swift; sourceTree = "<group>"; wrapsLines = 0; };
		A78CC884299F9B2F00ECFF6C /* 1260.swift */ = {isa = PBXFileReference; lastKnownFileType = sourcecode.swift; path = 1260.swift; sourceTree = "<group>"; };
		A7A063D829CD31C40013FF20 /* 1181.swift */ = {isa = PBXFileReference; lastKnownFileType = sourcecode.swift; path = 1181.swift; sourceTree = "<group>"; };
		A7A063DB29CD32260013FF20 /* 11004.swift */ = {isa = PBXFileReference; lastKnownFileType = sourcecode.swift; path = 11004.swift; sourceTree = "<group>"; };
		A7A063DF29CD3FB40013FF20 /* 2776.swift */ = {isa = PBXFileReference; lastKnownFileType = sourcecode.swift; path = 2776.swift; sourceTree = "<group>"; };
		A7A063E429D197420013FF20 /* 10825.swift */ = {isa = PBXFileReference; lastKnownFileType = sourcecode.swift; path = 10825.swift; sourceTree = "<group>"; };
		A7A063E729D1A9820013FF20 /* 18310.swift */ = {isa = PBXFileReference; lastKnownFileType = sourcecode.swift; path = 18310.swift; sourceTree = "<group>"; };
		A7A063EA29D291160013FF20 /* 12015.swift */ = {isa = PBXFileReference; lastKnownFileType = sourcecode.swift; path = 12015.swift; sourceTree = "<group>"; };
		A7A21A1129C9512D000596E8 /* 14716.swift */ = {isa = PBXFileReference; lastKnownFileType = sourcecode.swift; path = 14716.swift; sourceTree = "<group>"; };
		A7A21A1429CA837C000596E8 /* 1743.swift */ = {isa = PBXFileReference; lastKnownFileType = sourcecode.swift; path = 1743.swift; sourceTree = "<group>"; };
		A7A21A1729CA8C93000596E8 /* 10026.swift */ = {isa = PBXFileReference; lastKnownFileType = sourcecode.swift; path = 10026.swift; sourceTree = "<group>"; };
		A7A4409C299B6F820059527A /* 성적평가.swift */ = {isa = PBXFileReference; lastKnownFileType = sourcecode.swift; path = "성적평가.swift"; sourceTree = "<group>"; };
		A7A82ED729BF67450004FAF9 /* 1783.swift */ = {isa = PBXFileReference; lastKnownFileType = sourcecode.swift; path = 1783.swift; sourceTree = "<group>"; };
		A7A90F222994A92800B447E9 /* 장애물인식프로그램.swift */ = {isa = PBXFileReference; lastKnownFileType = sourcecode.swift; path = "장애물인식프로그램.swift"; sourceTree = "<group>"; };
		A7A90F252994B15C00B447E9 /* 2606.swift */ = {isa = PBXFileReference; lastKnownFileType = sourcecode.swift; path = 2606.swift; sourceTree = "<group>"; };
		A7A90F282994BC7700B447E9 /* 11724.swift */ = {isa = PBXFileReference; lastKnownFileType = sourcecode.swift; path = 11724.swift; sourceTree = "<group>"; };
		A7A90F2D2995EAC100B447E9 /* 15649.swift */ = {isa = PBXFileReference; lastKnownFileType = sourcecode.swift; path = 15649.swift; sourceTree = "<group>"; };
		A7A90F302995F3CD00B447E9 /* 15650.swift */ = {isa = PBXFileReference; lastKnownFileType = sourcecode.swift; path = 15650.swift; sourceTree = "<group>"; };
		A7A90F332995FA1600B447E9 /* 15651.swift */ = {isa = PBXFileReference; lastKnownFileType = sourcecode.swift; path = 15651.swift; sourceTree = "<group>"; };
		A7A90F36299A111600B447E9 /* 플레이페어암호.swift */ = {isa = PBXFileReference; lastKnownFileType = sourcecode.swift; path = "플레이페어암호.swift"; sourceTree = "<group>"; };
		A7AE479729D7BB66002F9721 /* 1.swift */ = {isa = PBXFileReference; lastKnownFileType = sourcecode.swift; path = 1.swift; sourceTree = "<group>"; };
		A7AE479929D7BB6C002F9721 /* 2.swift */ = {isa = PBXFileReference; lastKnownFileType = sourcecode.swift; path = 2.swift; sourceTree = "<group>"; };
		A7B06E8B29E11369005C4C51 /* 9461.swift */ = {isa = PBXFileReference; lastKnownFileType = sourcecode.swift; path = 9461.swift; sourceTree = "<group>"; };
		A7B06E8E29E11A95005C4C51 /* 11727.swift */ = {isa = PBXFileReference; lastKnownFileType = sourcecode.swift; path = 11727.swift; sourceTree = "<group>"; };
		A7B06E9129E1255F005C4C51 /* 시저암호.swift */ = {isa = PBXFileReference; lastKnownFileType = sourcecode.swift; path = "시저암호.swift"; sourceTree = "<group>"; };
		A7BF165029C7E954004BEF66 /* 2210_다시풀기.swift */ = {isa = PBXFileReference; lastKnownFileType = sourcecode.swift; path = "2210_다시풀기.swift"; sourceTree = "<group>"; };
		A7BF165329C92F32004BEF66 /* 3184.swift */ = {isa = PBXFileReference; lastKnownFileType = sourcecode.swift; path = 3184.swift; sourceTree = "<group>"; };
		A7CE5AEF298A4309007846A5 /* SwiftAlgorithm */ = {isa = PBXFileReference; explicitFileType = "compiled.mach-o.executable"; includeInIndex = 0; path = SwiftAlgorithm; sourceTree = BUILT_PRODUCTS_DIR; };
		A7D7D6FB29A068910018996C /* 업무관리.swift */ = {isa = PBXFileReference; lastKnownFileType = sourcecode.swift; path = "업무관리.swift"; sourceTree = "<group>"; };
		A7D7D6FD29A068A40018996C /* 자동완성.swift */ = {isa = PBXFileReference; lastKnownFileType = sourcecode.swift; path = "자동완성.swift"; sourceTree = "<group>"; };
		A7D7D6FF29A068AD0018996C /* 공통명령처리.swift */ = {isa = PBXFileReference; lastKnownFileType = sourcecode.swift; path = "공통명령처리.swift"; sourceTree = "<group>"; };
		A7E1607D29BAC87D0031994D /* 10610.swift */ = {isa = PBXFileReference; lastKnownFileType = sourcecode.swift; path = 10610.swift; sourceTree = "<group>"; };
		A7E1608029BB72240031994D /* 큰수만들기.swift */ = {isa = PBXFileReference; lastKnownFileType = sourcecode.swift; path = "큰수만들기.swift"; sourceTree = "<group>"; };
		A7E1608329BDA85F0031994D /* 14467.swift */ = {isa = PBXFileReference; lastKnownFileType = sourcecode.swift; path = 14467.swift; sourceTree = "<group>"; };
		A7E1608829BEB9CF0031994D /* 1931.swift */ = {isa = PBXFileReference; lastKnownFileType = sourcecode.swift; path = 1931.swift; sourceTree = "<group>"; };
		A7F7EB8529DE4EEC005C4DCC /* 4673.swift */ = {isa = PBXFileReference; lastKnownFileType = sourcecode.swift; path = 4673.swift; sourceTree = "<group>"; };
		A7F7EB8829DE56A4005C4DCC /* 2579.swift */ = {isa = PBXFileReference; lastKnownFileType = sourcecode.swift; path = 2579.swift; sourceTree = "<group>"; };
		A7F7EB8B29DE6338005C4DCC /* 11726.swift */ = {isa = PBXFileReference; lastKnownFileType = sourcecode.swift; path = 11726.swift; sourceTree = "<group>"; };
/* End PBXFileReference section */

/* Begin PBXFrameworksBuildPhase section */
		A7CE5AEC298A4309007846A5 /* Frameworks */ = {
			isa = PBXFrameworksBuildPhase;
			buildActionMask = 2147483647;
			files = (
			);
			runOnlyForDeploymentPostprocessing = 0;
		};
/* End PBXFrameworksBuildPhase section */

/* Begin PBXGroup section */
		A7091AA629D3D4080078DC99 /* 나무자르기_2805 */ = {
			isa = PBXGroup;
			children = (
				A7091AA729D3D4160078DC99 /* 2805.swift */,
			);
			name = "나무자르기_2805";
			path = "나무자르기_2805";
			sourceTree = "<group>";
		};
		A7091AA929D51A400078DC99 /* 수들의합_1789 */ = {
			isa = PBXGroup;
			children = (
				A7091AAA29D51A4C0078DC99 /* 1789.swift */,
			);
			name = "수들의합_1789";
			path = "수들의합_1789";
			sourceTree = "<group>";
		};
		A71C456829B9817900A2D242 /* 캠핑_4796 */ = {
			isa = PBXGroup;
			children = (
				A71C456929B9818600A2D242 /* 4796.swift */,
			);
			name = "캠핑_4796";
			path = "캠핑4796";
			sourceTree = "<group>";
		};
		A71C456B29B9921F00A2D242 /* 수리공항승_1449 */ = {
			isa = PBXGroup;
			children = (
				A71C456C29B9922B00A2D242 /* 1449.swift */,
			);
			name = "수리공항승_1449";
			path = "수리공항승1449";
			sourceTree = "<group>";
		};
		A71CE26C29DF9B4B00097AF9 /* 접미사배열_11656 */ = {
			isa = PBXGroup;
			children = (
				A71CE26D29DF9B5C00097AF9 /* 11656.swift */,
			);
			name = "접미사배열_11656";
			path = "접미사배열_11656";
			sourceTree = "<group>";
		};
		A71CE27029DFA23500097AF9 /* 피보나치수2_2748 */ = {
			isa = PBXGroup;
			children = (
				A71CE27129DFA24400097AF9 /* 2748.swift */,
			);
			name = "피보나치수2_2748";
			path = "피보나치수2_2748";
			sourceTree = "<group>";
		};
		A71CE27329DFC2DE00097AF9 /* 가장큰증가하는부분수열_11055 */ = {
			isa = PBXGroup;
			children = (
				A71CE27429DFC2EC00097AF9 /* 11055.swift */,
			);
			name = "가장큰증가하는부분수열_11055";
			path = "가장큰증가하는부분수열_11055";
			sourceTree = "<group>";
		};
		A71CE27629DFC8B400097AF9 /* 연속합_1912 */ = {
			isa = PBXGroup;
			children = (
				A71CE27729DFC8BF00097AF9 /* 1912.swift */,
			);
			name = "연속합_1912";
			path = "연속합_1912";
			sourceTree = "<group>";
		};
		A72360B229B84C1C00DA32BA /* 체육복 */ = {
			isa = PBXGroup;
			children = (
				A72360B329B84C2300DA32BA /* 체육복.swift */,
			);
			name = "체육복";
			path = "체육복";
			sourceTree = "<group>";
		};
		A7299BFE29D66CF3002A2F5F /* 문자열집합_14425 */ = {
			isa = PBXGroup;
			children = (
				A7299BFF29D66D00002A2F5F /* 14425.swift */,
			);
			name = "문자열집합_14425";
			path = "문자열집합_14425";
			sourceTree = "<group>";
		};
		A7299C0129D66E2C002A2F5F /* 먹을것인가먹힐것인가_7795 */ = {
			isa = PBXGroup;
			children = (
				A7299C0229D66E38002A2F5F /* 7795.swift */,
			);
			name = "먹을것인가먹힐것인가_7795";
			path = "먹을것인가먹힐것인가_7795";
			sourceTree = "<group>";
		};
		A73E8CC029DBE26D00803DEE /* 서로다른부분문자열의개수_11478 */ = {
			isa = PBXGroup;
			children = (
				A73E8CC129DBE27D00803DEE /* 11478.swift */,
			);
			name = "서로다른부분문자열의개수_11478";
			path = "서로다른부분문자열의개수_11478";
			sourceTree = "<group>";
		};
		A73E8CCB29DD051A00803DEE /* IOIOI_5525 */ = {
			isa = PBXGroup;
			children = (
				A73E8CCC29DD052900803DEE /* 5525.swift */,
			);
			path = IOIOI_5525;
			sourceTree = "<group>";
		};
		A73E8CCE29DD177800803DEE /* 반도체설계_2352 */ = {
			isa = PBXGroup;
			children = (
				A73E8CCF29DD178500803DEE /* 2352.swift */,
			);
			name = "반도체설계_2352";
			path = "반도체설계_2352";
			sourceTree = "<group>";
		};
		A74F6B852991DD6100026426 /* 회의실예약 */ = {
			isa = PBXGroup;
			children = (
				A74F6B862991DD6B00026426 /* 회의실예약.swift */,
			);
			name = "회의실예약";
			path = "회의실예약";
			sourceTree = "<group>";
		};
		A74F6B882991FC2500026426 /* 전광판 */ = {
			isa = PBXGroup;
			children = (
				A74F6B892991FC3D00026426 /* 전광판.swift */,
			);
			name = "전광판";
			path = "전광판";
			sourceTree = "<group>";
		};
		A74F6B8B29923A1200026426 /* 금고털이 */ = {
			isa = PBXGroup;
			children = (
				A74F6B8C29923A1D00026426 /* 금고털이.swift */,
			);
			name = "금고털이";
			path = "금고털이";
			sourceTree = "<group>";
		};
		A74F6B8E2993766700026426 /* DFS */ = {
			isa = PBXGroup;
			children = (
				A74F6B8F2993767100026426 /* DFS.swift */,
			);
			path = DFS;
			sourceTree = "<group>";
		};
		A74F6B912993794B00026426 /* BFS */ = {
			isa = PBXGroup;
			children = (
				A74F6B922993795400026426 /* BFS.swift */,
			);
			path = BFS;
			sourceTree = "<group>";
		};
		A74F6B942993814200026426 /* Stack */ = {
			isa = PBXGroup;
			children = (
				A74F6B962993815000026426 /* Stack.swift */,
			);
			path = Stack;
			sourceTree = "<group>";
		};
		A74F6B952993814700026426 /* Queue */ = {
			isa = PBXGroup;
			children = (
				A74F6B98299384FB00026426 /* Queue.swift */,
			);
			path = Queue;
			sourceTree = "<group>";
		};
		A762B78D29C012C000955619 /* 저울_2437 */ = {
			isa = PBXGroup;
			children = (
				A762B78E29C012CE00955619 /* 2437.swift */,
			);
			name = "저울_2437";
			path = "저울_2437";
			sourceTree = "<group>";
		};
		A762B7C329C1933700955619 /* 달팽이_1913 */ = {
			isa = PBXGroup;
			children = (
				A762B7C429C1934200955619 /* 1913.swift */,
			);
			name = "달팽이_1913";
			path = "달팽이_1913";
			sourceTree = "<group>";
		};
		A762B7C629C2A34F00955619 /* 부녀회장이될테야_2775 */ = {
			isa = PBXGroup;
			children = (
				A762B7C729C2A35A00955619 /* 2775.swift */,
			);
			name = "부녀회장이될테야_2775";
			path = "부녀회장이될테야_2775";
			sourceTree = "<group>";
		};
		A762B7C929C3EA5400955619 /* 그룹단어체커_1316 */ = {
			isa = PBXGroup;
			children = (
				A762B7CA29C3EA6700955619 /* 1316.swift */,
			);
			name = "그룹단어체커_1316";
			path = "그룹단어체커_1316";
			sourceTree = "<group>";
		};
		A762B7CC29C3FDA000955619 /* 배열돌리기1_16926 */ = {
			isa = PBXGroup;
			children = (
				A762B7CD29C3FDAF00955619 /* 16926.swift */,
			);
			name = "배열돌리기1_16926";
			path = "배열돌리기1_16926";
			sourceTree = "<group>";
		};
		A762B7CF29C472E200955619 /* 방번호_1475 */ = {
			isa = PBXGroup;
			children = (
				A762B7D029C472EF00955619 /* 1475.swift */,
			);
			name = "방번호_1475";
			path = "방번호_1475";
			sourceTree = "<group>";
		};
		A762B7D429C5804700955619 /* 전투_1303 */ = {
			isa = PBXGroup;
			children = (
				A762B7D529C5805400955619 /* 1303.swift */,
			);
			name = "전투_1303";
			path = "전투_1303";
			sourceTree = "<group>";
		};
		A762B7D829C58B7F00955619 /* 섬의개수_4963 */ = {
			isa = PBXGroup;
			children = (
				A762B7D929C58B8A00955619 /* 4963.swift */,
			);
			name = "섬의개수_4963";
			path = "섬의개수_4963";
			sourceTree = "<group>";
		};
		A76960F6298F899B007D93C8 /* 8단변속기 */ = {
			isa = PBXGroup;
			children = (
				A76960F7298F89A8007D93C8 /* 8단변속기.swift */,
			);
			name = "8단변속기";
			path = "8단변속기";
			sourceTree = "<group>";
		};
		A76960FA298F8AB6007D93C8 /* 지도자동구축 */ = {
			isa = PBXGroup;
			children = (
				A76960FB298F8AC1007D93C8 /* 지도자동구축.swift */,
			);
			name = "지도자동구축";
			path = "지도자동구축";
			sourceTree = "<group>";
		};
		A76960FD298F8EAA007D93C8 /* GBC */ = {
			isa = PBXGroup;
			children = (
				A76960FE298F8EB4007D93C8 /* GBC.swift */,
			);
			path = GBC;
			sourceTree = "<group>";
		};
		A7696100298F9450007D93C8 /* 바이러스 */ = {
			isa = PBXGroup;
			children = (
				A7696101298F9459007D93C8 /* 바이러스.swift */,
			);
			name = "바이러스";
			path = "바이러스";
			sourceTree = "<group>";
		};
		A76961032990E993007D93C8 /* 비밀메뉴 */ = {
			isa = PBXGroup;
			children = (
				A76961042990E99B007D93C8 /* 비밀메뉴.swift */,
			);
			name = "비밀메뉴";
			path = "비밀메뉴";
			sourceTree = "<group>";
		};
		A774131B29E51E1B00A361C5 /* 이상한문자만들기 */ = {
			isa = PBXGroup;
			children = (
				A774131C29E51E2500A361C5 /* 이상한문자만들기.swift */,
			);
			name = "이상한문자만들기";
			path = "이상한문자만들기";
			sourceTree = "<group>";
		};
		A774131E29E5342000A361C5 /* 튜플 */ = {
			isa = PBXGroup;
			children = (
				A774131F29E5342B00A361C5 /* 튜플.swift */,
			);
			name = "튜플";
			path = "튜플";
			sourceTree = "<group>";
		};
		A774132129E54B7500A361C5 /* 키패드누르기 */ = {
			isa = PBXGroup;
			children = (
				A774132229E54B7D00A361C5 /* 키패드누르기.swift */,
			);
			name = "키패드누르기";
			path = "키패드누르기";
			sourceTree = "<group>";
		};
		A774132429E637B000A361C5 /* 두개뽑아서더하기 */ = {
			isa = PBXGroup;
			children = (
				A774132529E637BB00A361C5 /* 두개뽑아서더하기.swift */,
			);
			name = "두개뽑아서더하기";
			path = "두개뽑아서더하기";
			sourceTree = "<group>";
		};
		A774132729E63EB500A361C5 /* 3진법뒤집기 */ = {
			isa = PBXGroup;
			children = (
				A774132829E63EC000A361C5 /* 3진법뒤집기.swift */,
			);
			name = "3진법뒤집기";
			path = "3진법뒤집기";
			sourceTree = "<group>";
		};
		A774132A29E644B100A361C5 /* 이진변환반복하기 */ = {
			isa = PBXGroup;
			children = (
				A774132B29E644BD00A361C5 /* 이진변환반복하기.swift */,
			);
			name = "이진변환반복하기";
			path = "이진변환반복하기";
			sourceTree = "<group>";
		};
		A774132D29E7943F00A361C5 /* 모의고사 */ = {
			isa = PBXGroup;
			children = (
				A774132E29E7944900A361C5 /* 모의고사.swift */,
			);
			name = "모의고사";
			path = "모의고사";
			sourceTree = "<group>";
		};
		A78CC871299CCFAA00ECFF6C /* N과M(4)_15652 */ = {
			isa = PBXGroup;
			children = (
				A78CC872299CCFBA00ECFF6C /* 15652.swift */,
			);
			name = "N과M(4)_15652";
			path = "N과M(4)15652";
			sourceTree = "<group>";
		};
		A78CC874299DBD6D00ECFF6C /* 택배마스터광우 */ = {
			isa = PBXGroup;
			children = (
				A78CC875299DBD7900ECFF6C /* 택배마스터광우.swift */,
			);
			name = "택배마스터광우";
			path = "택배마스터광우";
			sourceTree = "<group>";
		};
		A78CC877299DE40A00ECFF6C /* N과M(5)_15654 */ = {
			isa = PBXGroup;
			children = (
				A78CC878299DE41F00ECFF6C /* 15654.swift */,
			);
			name = "N과M(5)_15654";
			path = "N과M(5)15654";
			sourceTree = "<group>";
		};
		A78CC87A299DE85800ECFF6C /* 성적평균 */ = {
			isa = PBXGroup;
			children = (
				A78CC87B299DE86200ECFF6C /* 성적평균.swift */,
			);
			name = "성적평균";
			path = "성적평균";
			sourceTree = "<group>";
		};
		A78CC87D299DFE6100ECFF6C /* N과M(9)_15663 */ = {
			isa = PBXGroup;
			children = (
				A78CC87E299DFE6D00ECFF6C /* 15663.swift */,
			);
			name = "N과M(9)_15663";
			path = "N과M(9)15663";
			sourceTree = "<group>";
		};
		A78CC883299F9B1E00ECFF6C /* DFS와BFS_1260 */ = {
			isa = PBXGroup;
			children = (
				A78CC884299F9B2F00ECFF6C /* 1260.swift */,
			);
			name = "DFS와BFS_1260";
			path = "DFS와BFS1260";
			sourceTree = "<group>";
		};
		A7A063D729CD31B90013FF20 /* 단어정렬_1181 */ = {
			isa = PBXGroup;
			children = (
				A7A063D829CD31C40013FF20 /* 1181.swift */,
			);
			name = "단어정렬_1181";
			path = "단어정렬_1181";
			sourceTree = "<group>";
		};
		A7A063DA29CD32190013FF20 /* K번째수_11004 */ = {
			isa = PBXGroup;
			children = (
				A7A063DB29CD32260013FF20 /* 11004.swift */,
			);
			name = "K번째수_11004";
			path = "K번째수_11004";
			sourceTree = "<group>";
		};
		A7A063DD29CD3FA40013FF20 /* 암기왕_2776 */ = {
			isa = PBXGroup;
			children = (
				A7A063DF29CD3FB40013FF20 /* 2776.swift */,
			);
			name = "암기왕_2776";
			path = "암기왕_2776";
			sourceTree = "<group>";
		};
		A7A063E329D197350013FF20 /* 국영수_10825 */ = {
			isa = PBXGroup;
			children = (
				A7A063E429D197420013FF20 /* 10825.swift */,
			);
			name = "국영수_10825";
			path = "국영수_10825";
			sourceTree = "<group>";
		};
		A7A063E629D1A9710013FF20 /* 안테나_18310 */ = {
			isa = PBXGroup;
			children = (
				A7A063E729D1A9820013FF20 /* 18310.swift */,
			);
			name = "안테나_18310";
			path = "안테나_18310";
			sourceTree = "<group>";
		};
		A7A063E929D291020013FF20 /* 가장큰증가하는수열2_12015 */ = {
			isa = PBXGroup;
			children = (
				A7A063EA29D291160013FF20 /* 12015.swift */,
			);
			name = "가장큰증가하는수열2_12015";
			path = "가장큰증가하는수열2_12015";
			sourceTree = "<group>";
		};
		A7A21A1029C95118000596E8 /* 현수막_14716 */ = {
			isa = PBXGroup;
			children = (
				A7A21A1129C9512D000596E8 /* 14716.swift */,
			);
			name = "현수막_14716";
			path = "현수막_14716";
			sourceTree = "<group>";
		};
		A7A21A1329CA8369000596E8 /* 음식물피하기_1743 */ = {
			isa = PBXGroup;
			children = (
				A7A21A1429CA837C000596E8 /* 1743.swift */,
			);
			name = "음식물피하기_1743";
			path = "음식물피하기_1743";
			sourceTree = "<group>";
		};
		A7A21A1629CA8C87000596E8 /* 적록색약_10026 */ = {
			isa = PBXGroup;
			children = (
				A7A21A1729CA8C93000596E8 /* 10026.swift */,
			);
			name = "적록색약_10026";
			path = "적록색약_10026";
			sourceTree = "<group>";
		};
		A7A4409B299B6F780059527A /* 성적평가 */ = {
			isa = PBXGroup;
			children = (
				A7A4409C299B6F820059527A /* 성적평가.swift */,
			);
			name = "성적평가";
			path = "성적평가";
			sourceTree = "<group>";
		};
		A7A82ED629BF67360004FAF9 /* 병든나이트_1783 */ = {
			isa = PBXGroup;
			children = (
				A7A82ED729BF67450004FAF9 /* 1783.swift */,
			);
			name = "병든나이트_1783";
			path = "병든나이트_1783";
			sourceTree = "<group>";
		};
		A7A90F212994A91B00B447E9 /* 장애물인식프로그램 */ = {
			isa = PBXGroup;
			children = (
				A7A90F222994A92800B447E9 /* 장애물인식프로그램.swift */,
			);
			name = "장애물인식프로그램";
			path = "장애물인식프로그램";
			sourceTree = "<group>";
		};
		A7A90F242994B12600B447E9 /* 바이러스_2606 */ = {
			isa = PBXGroup;
			children = (
				A7A90F252994B15C00B447E9 /* 2606.swift */,
			);
			name = "바이러스_2606";
			path = "백준_바이러스";
			sourceTree = "<group>";
		};
		A7A90F272994BC5E00B447E9 /* 연결요소의개수_11724 */ = {
			isa = PBXGroup;
			children = (
				A7A90F282994BC7700B447E9 /* 11724.swift */,
			);
			name = "연결요소의개수_11724";
			path = "연결요소의개수";
			sourceTree = "<group>";
		};
		A7A90F2C2995EAAB00B447E9 /* N과M(1)_15649 */ = {
			isa = PBXGroup;
			children = (
				A7A90F2D2995EAC100B447E9 /* 15649.swift */,
			);
			name = "N과M(1)_15649";
			path = "N과M(1)";
			sourceTree = "<group>";
		};
		A7A90F2F2995F3B200B447E9 /* N과M(2)_15650 */ = {
			isa = PBXGroup;
			children = (
				A7A90F302995F3CD00B447E9 /* 15650.swift */,
			);
			name = "N과M(2)_15650";
			path = "N과M(2)15650";
			sourceTree = "<group>";
		};
		A7A90F322995FA0000B447E9 /* N과M(3)_15651 */ = {
			isa = PBXGroup;
			children = (
				A7A90F332995FA1600B447E9 /* 15651.swift */,
			);
			name = "N과M(3)_15651";
			path = "N과M(3)15651";
			sourceTree = "<group>";
		};
		A7A90F35299A110200B447E9 /* 플레이페어암호 */ = {
			isa = PBXGroup;
			children = (
				A7A90F36299A111600B447E9 /* 플레이페어암호.swift */,
			);
			name = "플레이페어암호";
			path = "플레이페어암호";
			sourceTree = "<group>";
		};
		A7AE479629D7BB5B002F9721 /* 쏘카코테 */ = {
			isa = PBXGroup;
			children = (
				A7AE479729D7BB66002F9721 /* 1.swift */,
				A7AE479929D7BB6C002F9721 /* 2.swift */,
			);
			name = "쏘카코테";
			path = "쏘카코테";
			sourceTree = "<group>";
		};
		A7B06E8A29E1135A005C4C51 /* 파도반수열_9461 */ = {
			isa = PBXGroup;
			children = (
				A7B06E8B29E11369005C4C51 /* 9461.swift */,
			);
			name = "파도반수열_9461";
			path = "파도반수열_9461";
			sourceTree = "<group>";
		};
		A7B06E8D29E11A87005C4C51 /* 2xn타일링2_11727 */ = {
			isa = PBXGroup;
			children = (
				A7B06E8E29E11A95005C4C51 /* 11727.swift */,
			);
			name = "2xn타일링2_11727";
			path = "2xn타일링2_11727";
			sourceTree = "<group>";
		};
		A7B06E9029E12555005C4C51 /* 시저암호 */ = {
			isa = PBXGroup;
			children = (
				A7B06E9129E1255F005C4C51 /* 시저암호.swift */,
			);
			name = "시저암호";
			path = "시저암호";
			sourceTree = "<group>";
		};
		A7BF164F29C7E948004BEF66 /* 숫자판점프_2210 */ = {
			isa = PBXGroup;
			children = (
				A7BF165029C7E954004BEF66 /* 2210_다시풀기.swift */,
			);
			name = "숫자판점프_2210";
			path = "숫자판점프_2210";
			sourceTree = "<group>";
		};
		A7BF165229C92F1F004BEF66 /* 양_3184 */ = {
			isa = PBXGroup;
			children = (
				A7BF165329C92F32004BEF66 /* 3184.swift */,
			);
			name = "양_3184";
			path = "양_3184";
			sourceTree = "<group>";
		};
		A7CE5AE6298A4309007846A5 = {
			isa = PBXGroup;
			children = (
				A7CE5AF1298A4309007846A5 /* SwiftAlgorithm */,
				A7CE5AF0298A4309007846A5 /* Products */,
			);
			sourceTree = "<group>";
		};
		A7CE5AF0298A4309007846A5 /* Products */ = {
			isa = PBXGroup;
			children = (
				A7CE5AEF298A4309007846A5 /* SwiftAlgorithm */,
			);
			name = Products;
			sourceTree = "<group>";
		};
		A7CE5AF1298A4309007846A5 /* SwiftAlgorithm */ = {
			isa = PBXGroup;
			children = (
				A774132D29E7943F00A361C5 /* 모의고사 */,
				A774132A29E644B100A361C5 /* 이진변환반복하기 */,
				A774132729E63EB500A361C5 /* 3진법뒤집기 */,
				A774132429E637B000A361C5 /* 두개뽑아서더하기 */,
				A774132129E54B7500A361C5 /* 키패드누르기 */,
				A774131E29E5342000A361C5 /* 튜플 */,
				A774131B29E51E1B00A361C5 /* 이상한문자만들기 */,
				A7B06E9029E12555005C4C51 /* 시저암호 */,
				A7B06E8D29E11A87005C4C51 /* 2xn타일링2_11727 */,
				A7B06E8A29E1135A005C4C51 /* 파도반수열_9461 */,
				A71CE27629DFC8B400097AF9 /* 연속합_1912 */,
				A71CE27329DFC2DE00097AF9 /* 가장큰증가하는부분수열_11055 */,
				A71CE27029DFA23500097AF9 /* 피보나치수2_2748 */,
				A71CE26C29DF9B4B00097AF9 /* 접미사배열_11656 */,
				A7F7EB8A29DE6326005C4DCC /* 2xn타일링_11726 */,
				A7F7EB8729DE5699005C4DCC /* 계단오르기_2579 */,
				A7F7EB8429DE4EDC005C4DCC /* 셀프넘버_4673 */,
				A73E8CCE29DD177800803DEE /* 반도체설계_2352 */,
				A73E8CCB29DD051A00803DEE /* IOIOI_5525 */,
				A73E8CC029DBE26D00803DEE /* 서로다른부분문자열의개수_11478 */,
				A7AE479629D7BB5B002F9721 /* 쏘카코테 */,
				A7299C0129D66E2C002A2F5F /* 먹을것인가먹힐것인가_7795 */,
				A7299BFE29D66CF3002A2F5F /* 문자열집합_14425 */,
				A7091AA929D51A400078DC99 /* 수들의합_1789 */,
				A7091AA629D3D4080078DC99 /* 나무자르기_2805 */,
				A7A063E929D291020013FF20 /* 가장큰증가하는수열2_12015 */,
				A7A063E629D1A9710013FF20 /* 안테나_18310 */,
				A7A063E329D197350013FF20 /* 국영수_10825 */,
				A7A063DD29CD3FA40013FF20 /* 암기왕_2776 */,
				A7A063DA29CD32190013FF20 /* K번째수_11004 */,
				A7A063D729CD31B90013FF20 /* 단어정렬_1181 */,
				A7A21A1629CA8C87000596E8 /* 적록색약_10026 */,
				A7A21A1329CA8369000596E8 /* 음식물피하기_1743 */,
				A7A21A1029C95118000596E8 /* 현수막_14716 */,
				A7BF165229C92F1F004BEF66 /* 양_3184 */,
				A7BF164F29C7E948004BEF66 /* 숫자판점프_2210 */,
				A762B7D829C58B7F00955619 /* 섬의개수_4963 */,
				A762B7D429C5804700955619 /* 전투_1303 */,
				A762B7CF29C472E200955619 /* 방번호_1475 */,
				A762B7CC29C3FDA000955619 /* 배열돌리기1_16926 */,
				A762B7C929C3EA5400955619 /* 그룹단어체커_1316 */,
				A762B7C629C2A34F00955619 /* 부녀회장이될테야_2775 */,
				A762B7C329C1933700955619 /* 달팽이_1913 */,
				A762B78D29C012C000955619 /* 저울_2437 */,
				A7A82ED629BF67360004FAF9 /* 병든나이트_1783 */,
				A7E1608729BEB9BE0031994D /* 회의실배정_1931 */,
				A7E1608229BDA84F0031994D /* 소가길을건너간이유1_14467 */,
				A7E1607F29BB72180031994D /* 큰수만들기 */,
				A7E1607C29BAC8490031994D /* 30_10610 */,
				A71C456B29B9921F00A2D242 /* 수리공항승_1449 */,
				A71C456829B9817900A2D242 /* 캠핑_4796 */,
				A72360B229B84C1C00DA32BA /* 체육복 */,
				A7D7D6FA29A068820018996C /* 현대오토에버2023기출 */,
				A78CC883299F9B1E00ECFF6C /* DFS와BFS_1260 */,
				A78CC87D299DFE6100ECFF6C /* N과M(9)_15663 */,
				A78CC87A299DE85800ECFF6C /* 성적평균 */,
				A78CC877299DE40A00ECFF6C /* N과M(5)_15654 */,
				A78CC874299DBD6D00ECFF6C /* 택배마스터광우 */,
				A78CC871299CCFAA00ECFF6C /* N과M(4)_15652 */,
				A7A4409B299B6F780059527A /* 성적평가 */,
				A7A90F35299A110200B447E9 /* 플레이페어암호 */,
				A7A90F322995FA0000B447E9 /* N과M(3)_15651 */,
				A7A90F2F2995F3B200B447E9 /* N과M(2)_15650 */,
				A7A90F2C2995EAAB00B447E9 /* N과M(1)_15649 */,
				A7A90F272994BC5E00B447E9 /* 연결요소의개수_11724 */,
				A7A90F242994B12600B447E9 /* 바이러스_2606 */,
				A7A90F212994A91B00B447E9 /* 장애물인식프로그램 */,
				A74F6B952993814700026426 /* Queue */,
				A74F6B942993814200026426 /* Stack */,
				A74F6B912993794B00026426 /* BFS */,
				A74F6B8E2993766700026426 /* DFS */,
				A74F6B8B29923A1200026426 /* 금고털이 */,
				A74F6B882991FC2500026426 /* 전광판 */,
				A74F6B852991DD6100026426 /* 회의실예약 */,
				A76961032990E993007D93C8 /* 비밀메뉴 */,
				A7696100298F9450007D93C8 /* 바이러스 */,
				A76960FD298F8EAA007D93C8 /* GBC */,
				A76960FA298F8AB6007D93C8 /* 지도자동구축 */,
				A76960F6298F899B007D93C8 /* 8단변속기 */,
			);
			path = SwiftAlgorithm;
			sourceTree = "<group>";
		};
		A7D7D6FA29A068820018996C /* 현대오토에버2023기출 */ = {
			isa = PBXGroup;
			children = (
				A7D7D6FB29A068910018996C /* 업무관리.swift */,
				A7D7D6FD29A068A40018996C /* 자동완성.swift */,
				A7D7D6FF29A068AD0018996C /* 공통명령처리.swift */,
			);
			name = "현대오토에버2023기출";
			path = "현대오토에버2023기출";
			sourceTree = "<group>";
		};
		A7E1607C29BAC8490031994D /* 30_10610 */ = {
			isa = PBXGroup;
			children = (
				A7E1607D29BAC87D0031994D /* 10610.swift */,
			);
			path = 30_10610;
			sourceTree = "<group>";
		};
		A7E1607F29BB72180031994D /* 큰수만들기 */ = {
			isa = PBXGroup;
			children = (
				A7E1608029BB72240031994D /* 큰수만들기.swift */,
			);
			name = "큰수만들기";
			path = "큰수만들기";
			sourceTree = "<group>";
		};
		A7E1608229BDA84F0031994D /* 소가길을건너간이유1_14467 */ = {
			isa = PBXGroup;
			children = (
				A7E1608329BDA85F0031994D /* 14467.swift */,
			);
			name = "소가길을건너간이유1_14467";
			path = "소가길을건너간이유1_14467";
			sourceTree = "<group>";
		};
		A7E1608729BEB9BE0031994D /* 회의실배정_1931 */ = {
			isa = PBXGroup;
			children = (
				A7E1608829BEB9CF0031994D /* 1931.swift */,
			);
			name = "회의실배정_1931";
			path = "회의실_1931";
			sourceTree = "<group>";
		};
		A7F7EB8429DE4EDC005C4DCC /* 셀프넘버_4673 */ = {
			isa = PBXGroup;
			children = (
				A7F7EB8529DE4EEC005C4DCC /* 4673.swift */,
			);
			name = "셀프넘버_4673";
			path = "셀프넘버_4673";
			sourceTree = "<group>";
		};
		A7F7EB8729DE5699005C4DCC /* 계단오르기_2579 */ = {
			isa = PBXGroup;
			children = (
				A7F7EB8829DE56A4005C4DCC /* 2579.swift */,
			);
			name = "계단오르기_2579";
			path = "계단오르기_2579";
			sourceTree = "<group>";
		};
		A7F7EB8A29DE6326005C4DCC /* 2xn타일링_11726 */ = {
			isa = PBXGroup;
			children = (
				A7F7EB8B29DE6338005C4DCC /* 11726.swift */,
			);
			name = "2xn타일링_11726";
			path = "2xn타일링";
			sourceTree = "<group>";
		};
/* End PBXGroup section */

/* Begin PBXNativeTarget section */
		A7CE5AEE298A4309007846A5 /* SwiftAlgorithm */ = {
			isa = PBXNativeTarget;
			buildConfigurationList = A7CE5AF6298A4309007846A5 /* Build configuration list for PBXNativeTarget "SwiftAlgorithm" */;
			buildPhases = (
				A7CE5AEB298A4309007846A5 /* Sources */,
				A7CE5AEC298A4309007846A5 /* Frameworks */,
				A7CE5AED298A4309007846A5 /* CopyFiles */,
			);
			buildRules = (
			);
			dependencies = (
			);
			name = SwiftAlgorithm;
			productName = SwiftAlgorithm;
			productReference = A7CE5AEF298A4309007846A5 /* SwiftAlgorithm */;
			productType = "com.apple.product-type.tool";
		};
/* End PBXNativeTarget section */

/* Begin PBXProject section */
		A7CE5AE7298A4309007846A5 /* Project object */ = {
			isa = PBXProject;
			attributes = {
				BuildIndependentTargetsInParallel = 1;
				LastSwiftUpdateCheck = 1410;
				LastUpgradeCheck = 1410;
				TargetAttributes = {
					A7CE5AEE298A4309007846A5 = {
						CreatedOnToolsVersion = 14.1;
						LastSwiftMigration = 1410;
					};
				};
			};
			buildConfigurationList = A7CE5AEA298A4309007846A5 /* Build configuration list for PBXProject "SwiftAlgorithm" */;
			compatibilityVersion = "Xcode 14.0";
			developmentRegion = en;
			hasScannedForEncodings = 0;
			knownRegions = (
				en,
				Base,
			);
			mainGroup = A7CE5AE6298A4309007846A5;
			productRefGroup = A7CE5AF0298A4309007846A5 /* Products */;
			projectDirPath = "";
			projectRoot = "";
			targets = (
				A7CE5AEE298A4309007846A5 /* SwiftAlgorithm */,
			);
		};
/* End PBXProject section */

/* Begin PBXSourcesBuildPhase section */
		A7CE5AEB298A4309007846A5 /* Sources */ = {
			isa = PBXSourcesBuildPhase;
			buildActionMask = 2147483647;
			files = (
				A774132F29E7944900A361C5 /* 모의고사.swift in Sources */,
			);
			runOnlyForDeploymentPostprocessing = 0;
		};
/* End PBXSourcesBuildPhase section */

/* Begin XCBuildConfiguration section */
		A7CE5AF4298A4309007846A5 /* Debug */ = {
			isa = XCBuildConfiguration;
			buildSettings = {
				ALWAYS_SEARCH_USER_PATHS = NO;
				CLANG_ANALYZER_NONNULL = YES;
				CLANG_ANALYZER_NUMBER_OBJECT_CONVERSION = YES_AGGRESSIVE;
				CLANG_CXX_LANGUAGE_STANDARD = "gnu++20";
				CLANG_ENABLE_MODULES = YES;
				CLANG_ENABLE_OBJC_ARC = YES;
				CLANG_ENABLE_OBJC_WEAK = YES;
				CLANG_WARN_BLOCK_CAPTURE_AUTORELEASING = YES;
				CLANG_WARN_BOOL_CONVERSION = YES;
				CLANG_WARN_COMMA = YES;
				CLANG_WARN_CONSTANT_CONVERSION = YES;
				CLANG_WARN_DEPRECATED_OBJC_IMPLEMENTATIONS = YES;
				CLANG_WARN_DIRECT_OBJC_ISA_USAGE = YES_ERROR;
				CLANG_WARN_DOCUMENTATION_COMMENTS = YES;
				CLANG_WARN_EMPTY_BODY = YES;
				CLANG_WARN_ENUM_CONVERSION = YES;
				CLANG_WARN_INFINITE_RECURSION = YES;
				CLANG_WARN_INT_CONVERSION = YES;
				CLANG_WARN_NON_LITERAL_NULL_CONVERSION = YES;
				CLANG_WARN_OBJC_IMPLICIT_RETAIN_SELF = YES;
				CLANG_WARN_OBJC_LITERAL_CONVERSION = YES;
				CLANG_WARN_OBJC_ROOT_CLASS = YES_ERROR;
				CLANG_WARN_QUOTED_INCLUDE_IN_FRAMEWORK_HEADER = YES;
				CLANG_WARN_RANGE_LOOP_ANALYSIS = YES;
				CLANG_WARN_STRICT_PROTOTYPES = YES;
				CLANG_WARN_SUSPICIOUS_MOVE = YES;
				CLANG_WARN_UNGUARDED_AVAILABILITY = YES_AGGRESSIVE;
				CLANG_WARN_UNREACHABLE_CODE = YES;
				CLANG_WARN__DUPLICATE_METHOD_MATCH = YES;
				COPY_PHASE_STRIP = NO;
				DEBUG_INFORMATION_FORMAT = dwarf;
				ENABLE_STRICT_OBJC_MSGSEND = YES;
				ENABLE_TESTABILITY = YES;
				GCC_C_LANGUAGE_STANDARD = gnu11;
				GCC_DYNAMIC_NO_PIC = NO;
				GCC_NO_COMMON_BLOCKS = YES;
				GCC_OPTIMIZATION_LEVEL = 0;
				GCC_PREPROCESSOR_DEFINITIONS = (
					"DEBUG=1",
					"$(inherited)",
				);
				GCC_WARN_64_TO_32_BIT_CONVERSION = YES;
				GCC_WARN_ABOUT_RETURN_TYPE = YES_ERROR;
				GCC_WARN_UNDECLARED_SELECTOR = YES;
				GCC_WARN_UNINITIALIZED_AUTOS = YES_AGGRESSIVE;
				GCC_WARN_UNUSED_FUNCTION = YES;
				GCC_WARN_UNUSED_VARIABLE = YES;
				MACOSX_DEPLOYMENT_TARGET = 13.0;
				MTL_ENABLE_DEBUG_INFO = INCLUDE_SOURCE;
				MTL_FAST_MATH = YES;
				ONLY_ACTIVE_ARCH = YES;
				SDKROOT = macosx;
				SWIFT_ACTIVE_COMPILATION_CONDITIONS = DEBUG;
				SWIFT_OPTIMIZATION_LEVEL = "-Onone";
			};
			name = Debug;
		};
		A7CE5AF5298A4309007846A5 /* Release */ = {
			isa = XCBuildConfiguration;
			buildSettings = {
				ALWAYS_SEARCH_USER_PATHS = NO;
				CLANG_ANALYZER_NONNULL = YES;
				CLANG_ANALYZER_NUMBER_OBJECT_CONVERSION = YES_AGGRESSIVE;
				CLANG_CXX_LANGUAGE_STANDARD = "gnu++20";
				CLANG_ENABLE_MODULES = YES;
				CLANG_ENABLE_OBJC_ARC = YES;
				CLANG_ENABLE_OBJC_WEAK = YES;
				CLANG_WARN_BLOCK_CAPTURE_AUTORELEASING = YES;
				CLANG_WARN_BOOL_CONVERSION = YES;
				CLANG_WARN_COMMA = YES;
				CLANG_WARN_CONSTANT_CONVERSION = YES;
				CLANG_WARN_DEPRECATED_OBJC_IMPLEMENTATIONS = YES;
				CLANG_WARN_DIRECT_OBJC_ISA_USAGE = YES_ERROR;
				CLANG_WARN_DOCUMENTATION_COMMENTS = YES;
				CLANG_WARN_EMPTY_BODY = YES;
				CLANG_WARN_ENUM_CONVERSION = YES;
				CLANG_WARN_INFINITE_RECURSION = YES;
				CLANG_WARN_INT_CONVERSION = YES;
				CLANG_WARN_NON_LITERAL_NULL_CONVERSION = YES;
				CLANG_WARN_OBJC_IMPLICIT_RETAIN_SELF = YES;
				CLANG_WARN_OBJC_LITERAL_CONVERSION = YES;
				CLANG_WARN_OBJC_ROOT_CLASS = YES_ERROR;
				CLANG_WARN_QUOTED_INCLUDE_IN_FRAMEWORK_HEADER = YES;
				CLANG_WARN_RANGE_LOOP_ANALYSIS = YES;
				CLANG_WARN_STRICT_PROTOTYPES = YES;
				CLANG_WARN_SUSPICIOUS_MOVE = YES;
				CLANG_WARN_UNGUARDED_AVAILABILITY = YES_AGGRESSIVE;
				CLANG_WARN_UNREACHABLE_CODE = YES;
				CLANG_WARN__DUPLICATE_METHOD_MATCH = YES;
				COPY_PHASE_STRIP = NO;
				DEBUG_INFORMATION_FORMAT = "dwarf-with-dsym";
				ENABLE_NS_ASSERTIONS = NO;
				ENABLE_STRICT_OBJC_MSGSEND = YES;
				GCC_C_LANGUAGE_STANDARD = gnu11;
				GCC_NO_COMMON_BLOCKS = YES;
				GCC_WARN_64_TO_32_BIT_CONVERSION = YES;
				GCC_WARN_ABOUT_RETURN_TYPE = YES_ERROR;
				GCC_WARN_UNDECLARED_SELECTOR = YES;
				GCC_WARN_UNINITIALIZED_AUTOS = YES_AGGRESSIVE;
				GCC_WARN_UNUSED_FUNCTION = YES;
				GCC_WARN_UNUSED_VARIABLE = YES;
				MACOSX_DEPLOYMENT_TARGET = 13.0;
				MTL_ENABLE_DEBUG_INFO = NO;
				MTL_FAST_MATH = YES;
				SDKROOT = macosx;
				SWIFT_COMPILATION_MODE = wholemodule;
				SWIFT_OPTIMIZATION_LEVEL = "-O";
			};
			name = Release;
		};
		A7CE5AF7298A4309007846A5 /* Debug */ = {
			isa = XCBuildConfiguration;
			buildSettings = {
				CLANG_ENABLE_MODULES = YES;
				CODE_SIGN_STYLE = Automatic;
				DEVELOPMENT_TEAM = S45U2Z8NHP;
				ENABLE_HARDENED_RUNTIME = YES;
				LD_RUNPATH_SEARCH_PATHS = (
					"$(inherited)",
					"@executable_path/../Frameworks",
					"@loader_path/../Frameworks",
				);
				PRODUCT_NAME = "$(TARGET_NAME)";
				SWIFT_OPTIMIZATION_LEVEL = "-Onone";
				SWIFT_VERSION = 5.0;
			};
			name = Debug;
		};
		A7CE5AF8298A4309007846A5 /* Release */ = {
			isa = XCBuildConfiguration;
			buildSettings = {
				CLANG_ENABLE_MODULES = YES;
				CODE_SIGN_STYLE = Automatic;
				DEVELOPMENT_TEAM = S45U2Z8NHP;
				ENABLE_HARDENED_RUNTIME = YES;
				LD_RUNPATH_SEARCH_PATHS = (
					"$(inherited)",
					"@executable_path/../Frameworks",
					"@loader_path/../Frameworks",
				);
				PRODUCT_NAME = "$(TARGET_NAME)";
				SWIFT_VERSION = 5.0;
			};
			name = Release;
		};
/* End XCBuildConfiguration section */

/* Begin XCConfigurationList section */
		A7CE5AEA298A4309007846A5 /* Build configuration list for PBXProject "SwiftAlgorithm" */ = {
			isa = XCConfigurationList;
			buildConfigurations = (
				A7CE5AF4298A4309007846A5 /* Debug */,
				A7CE5AF5298A4309007846A5 /* Release */,
			);
			defaultConfigurationIsVisible = 0;
			defaultConfigurationName = Release;
		};
		A7CE5AF6298A4309007846A5 /* Build configuration list for PBXNativeTarget "SwiftAlgorithm" */ = {
			isa = XCConfigurationList;
			buildConfigurations = (
				A7CE5AF7298A4309007846A5 /* Debug */,
				A7CE5AF8298A4309007846A5 /* Release */,
			);
			defaultConfigurationIsVisible = 0;
			defaultConfigurationName = Release;
		};
/* End XCConfigurationList section */
	};
	rootObject = A7CE5AE7298A4309007846A5 /* Project object */;
}
